// !$*UTF8*$!
{
	archiveVersion = 1;
	classes = {
	};
	objectVersion = 46;
	objects = {

/* Begin PBXBuildFile section */
		84DAFA561C3BB4EE0096B068 /* main.m in Sources */ = {isa = PBXBuildFile; fileRef = 84DAFA551C3BB4EE0096B068 /* main.m */; };
		84DAFA591C3BB4EE0096B068 /* AppDelegate.m in Sources */ = {isa = PBXBuildFile; fileRef = 84DAFA581C3BB4EE0096B068 /* AppDelegate.m */; };
		84DAFA5C1C3BB4EE0096B068 /* ViewController.m in Sources */ = {isa = PBXBuildFile; fileRef = 84DAFA5B1C3BB4EE0096B068 /* ViewController.m */; };
		84DAFA5F1C3BB4EE0096B068 /* Main.storyboard in Resources */ = {isa = PBXBuildFile; fileRef = 84DAFA5D1C3BB4EE0096B068 /* Main.storyboard */; };
		84DAFA611C3BB4EE0096B068 /* Images.xcassets in Resources */ = {isa = PBXBuildFile; fileRef = 84DAFA601C3BB4EE0096B068 /* Images.xcassets */; };
		84DAFA641C3BB4EE0096B068 /* LaunchScreen.xib in Resources */ = {isa = PBXBuildFile; fileRef = 84DAFA621C3BB4EE0096B068 /* LaunchScreen.xib */; };
		84DAFA701C3BB4EE0096B068 /* playTests.m in Sources */ = {isa = PBXBuildFile; fileRef = 84DAFA6F1C3BB4EE0096B068 /* playTests.m */; };
		84F661571C44EC9100DCFE5F /* NSMutableAttributedString+XZCategory.m in Sources */ = {isa = PBXBuildFile; fileRef = 84F661561C44EC9100DCFE5F /* NSMutableAttributedString+XZCategory.m */; };
/* End PBXBuildFile section */

/* Begin PBXContainerItemProxy section */
		84DAFA6A1C3BB4EE0096B068 /* PBXContainerItemProxy */ = {
			isa = PBXContainerItemProxy;
			containerPortal = 84DAFA481C3BB4EE0096B068 /* Project object */;
			proxyType = 1;
			remoteGlobalIDString = 84DAFA4F1C3BB4EE0096B068;
			remoteInfo = play;
		};
/* End PBXContainerItemProxy section */

/* Begin PBXFileReference section */
		84DAFA501C3BB4EE0096B068 /* play.app */ = {isa = PBXFileReference; explicitFileType = wrapper.application; includeInIndex = 0; path = play.app; sourceTree = BUILT_PRODUCTS_DIR; };
		84DAFA541C3BB4EE0096B068 /* Info.plist */ = {isa = PBXFileReference; lastKnownFileType = text.plist.xml; path = Info.plist; sourceTree = "<group>"; };
		84DAFA551C3BB4EE0096B068 /* main.m */ = {isa = PBXFileReference; lastKnownFileType = sourcecode.c.objc; path = main.m; sourceTree = "<group>"; };
		84DAFA571C3BB4EE0096B068 /* AppDelegate.h */ = {isa = PBXFileReference; lastKnownFileType = sourcecode.c.h; path = AppDelegate.h; sourceTree = "<group>"; };
		84DAFA581C3BB4EE0096B068 /* AppDelegate.m */ = {isa = PBXFileReference; lastKnownFileType = sourcecode.c.objc; path = AppDelegate.m; sourceTree = "<group>"; };
		84DAFA5A1C3BB4EE0096B068 /* ViewController.h */ = {isa = PBXFileReference; lastKnownFileType = sourcecode.c.h; path = ViewController.h; sourceTree = "<group>"; };
		84DAFA5B1C3BB4EE0096B068 /* ViewController.m */ = {isa = PBXFileReference; lastKnownFileType = sourcecode.c.objc; path = ViewController.m; sourceTree = "<group>"; };
		84DAFA5E1C3BB4EE0096B068 /* Base */ = {isa = PBXFileReference; lastKnownFileType = file.storyboard; name = Base; path = Base.lproj/Main.storyboard; sourceTree = "<group>"; };
		84DAFA601C3BB4EE0096B068 /* Images.xcassets */ = {isa = PBXFileReference; lastKnownFileType = folder.assetcatalog; path = Images.xcassets; sourceTree = "<group>"; };
		84DAFA631C3BB4EE0096B068 /* Base */ = {isa = PBXFileReference; lastKnownFileType = file.xib; name = Base; path = Base.lproj/LaunchScreen.xib; sourceTree = "<group>"; };
		84DAFA691C3BB4EE0096B068 /* playTests.xctest */ = {isa = PBXFileReference; explicitFileType = wrapper.cfbundle; includeInIndex = 0; path = playTests.xctest; sourceTree = BUILT_PRODUCTS_DIR; };
		84DAFA6E1C3BB4EE0096B068 /* Info.plist */ = {isa = PBXFileReference; lastKnownFileType = text.plist.xml; path = Info.plist; sourceTree = "<group>"; };
		84DAFA6F1C3BB4EE0096B068 /* playTests.m */ = {isa = PBXFileReference; lastKnownFileType = sourcecode.c.objc; path = playTests.m; sourceTree = "<group>"; };
		84F661551C44EC9100DCFE5F /* NSMutableAttributedString+XZCategory.h */ = {isa = PBXFileReference; fileEncoding = 4; lastKnownFileType = sourcecode.c.h; path = "NSMutableAttributedString+XZCategory.h"; sourceTree = "<group>"; };
		84F661561C44EC9100DCFE5F /* NSMutableAttributedString+XZCategory.m */ = {isa = PBXFileReference; fileEncoding = 4; lastKnownFileType = sourcecode.c.objc; path = "NSMutableAttributedString+XZCategory.m"; sourceTree = "<group>"; };
/* End PBXFileReference section */

/* Begin PBXFrameworksBuildPhase section */
		84DAFA4D1C3BB4EE0096B068 /* Frameworks */ = {
			isa = PBXFrameworksBuildPhase;
			buildActionMask = 2147483647;
			files = (
			);
			runOnlyForDeploymentPostprocessing = 0;
		};
		84DAFA661C3BB4EE0096B068 /* Frameworks */ = {
			isa = PBXFrameworksBuildPhase;
			buildActionMask = 2147483647;
			files = (
			);
			runOnlyForDeploymentPostprocessing = 0;
		};
/* End PBXFrameworksBuildPhase section */

/* Begin PBXGroup section */
		84DAFA471C3BB4EE0096B068 = {
			isa = PBXGroup;
			children = (
				84DAFA521C3BB4EE0096B068 /* play */,
				84DAFA6C1C3BB4EE0096B068 /* playTests */,
				84DAFA511C3BB4EE0096B068 /* Products */,
			);
			sourceTree = "<group>";
		};
		84DAFA511C3BB4EE0096B068 /* Products */ = {
			isa = PBXGroup;
			children = (
				84DAFA501C3BB4EE0096B068 /* play.app */,
				84DAFA691C3BB4EE0096B068 /* playTests.xctest */,
			);
			name = Products;
			sourceTree = "<group>";
		};
		84DAFA521C3BB4EE0096B068 /* play */ = {
			isa = PBXGroup;
			children = (
				84DAFA571C3BB4EE0096B068 /* AppDelegate.h */,
				84DAFA581C3BB4EE0096B068 /* AppDelegate.m */,
				84DAFA5A1C3BB4EE0096B068 /* ViewController.h */,
				84DAFA5B1C3BB4EE0096B068 /* ViewController.m */,
				84F661551C44EC9100DCFE5F /* NSMutableAttributedString+XZCategory.h */,
				84F661561C44EC9100DCFE5F /* NSMutableAttributedString+XZCategory.m */,
				84DAFA5D1C3BB4EE0096B068 /* Main.storyboard */,
				84DAFA601C3BB4EE0096B068 /* Images.xcassets */,
				84DAFA621C3BB4EE0096B068 /* LaunchScreen.xib */,
				84DAFA531C3BB4EE0096B068 /* Supporting Files */,
			);
			path = play;
			sourceTree = "<group>";
		};
		84DAFA531C3BB4EE0096B068 /* Supporting Files */ = {
			isa = PBXGroup;
			children = (
				84DAFA541C3BB4EE0096B068 /* Info.plist */,
				84DAFA551C3BB4EE0096B068 /* main.m */,
			);
			name = "Supporting Files";
			sourceTree = "<group>";
		};
		84DAFA6C1C3BB4EE0096B068 /* playTests */ = {
			isa = PBXGroup;
			children = (
				84DAFA6F1C3BB4EE0096B068 /* playTests.m */,
				84DAFA6D1C3BB4EE0096B068 /* Supporting Files */,
			);
			path = playTests;
			sourceTree = "<group>";
		};
		84DAFA6D1C3BB4EE0096B068 /* Supporting Files */ = {
			isa = PBXGroup;
			children = (
				84DAFA6E1C3BB4EE0096B068 /* Info.plist */,
			);
			name = "Supporting Files";
			sourceTree = "<group>";
		};
/* End PBXGroup section */

/* Begin PBXNativeTarget section */
		84DAFA4F1C3BB4EE0096B068 /* play */ = {
			isa = PBXNativeTarget;
			buildConfigurationList = 84DAFA731C3BB4EE0096B068 /* Build configuration list for PBXNativeTarget "play" */;
			buildPhases = (
				84DAFA4C1C3BB4EE0096B068 /* Sources */,
				84DAFA4D1C3BB4EE0096B068 /* Frameworks */,
				84DAFA4E1C3BB4EE0096B068 /* Resources */,
			);
			buildRules = (
			);
			dependencies = (
			);
			name = play;
			productName = play;
			productReference = 84DAFA501C3BB4EE0096B068 /* play.app */;
			productType = "com.apple.product-type.application";
		};
		84DAFA681C3BB4EE0096B068 /* playTests */ = {
			isa = PBXNativeTarget;
			buildConfigurationList = 84DAFA761C3BB4EE0096B068 /* Build configuration list for PBXNativeTarget "playTests" */;
			buildPhases = (
				84DAFA651C3BB4EE0096B068 /* Sources */,
				84DAFA661C3BB4EE0096B068 /* Frameworks */,
				84DAFA671C3BB4EE0096B068 /* Resources */,
			);
			buildRules = (
			);
			dependencies = (
				84DAFA6B1C3BB4EE0096B068 /* PBXTargetDependency */,
			);
			name = playTests;
			productName = playTests;
			productReference = 84DAFA691C3BB4EE0096B068 /* playTests.xctest */;
			productType = "com.apple.product-type.bundle.unit-test";
		};
/* End PBXNativeTarget section */

/* Begin PBXProject section */
		84DAFA481C3BB4EE0096B068 /* Project object */ = {
			isa = PBXProject;
			attributes = {
				LastUpgradeCheck = 0640;
				ORGANIZATIONNAME = XieZi;
				TargetAttributes = {
					84DAFA4F1C3BB4EE0096B068 = {
						CreatedOnToolsVersion = 6.4;
					};
					84DAFA681C3BB4EE0096B068 = {
						CreatedOnToolsVersion = 6.4;
						TestTargetID = 84DAFA4F1C3BB4EE0096B068;
					};
				};
			};
			buildConfigurationList = 84DAFA4B1C3BB4EE0096B068 /* Build configuration list for PBXProject "play" */;
			compatibilityVersion = "Xcode 3.2";
			developmentRegion = English;
			hasScannedForEncodings = 0;
			knownRegions = (
				en,
				Base,
			);
			mainGroup = 84DAFA471C3BB4EE0096B068;
			productRefGroup = 84DAFA511C3BB4EE0096B068 /* Products */;
			projectDirPath = "";
			projectRoot = "";
			targets = (
				84DAFA4F1C3BB4EE0096B068 /* play */,
				84DAFA681C3BB4EE0096B068 /* playTests */,
			);
		};
/* End PBXProject section */

/* Begin PBXResourcesBuildPhase section */
		84DAFA4E1C3BB4EE0096B068 /* Resources */ = {
			isa = PBXResourcesBuildPhase;
			buildActionMask = 2147483647;
			files = (
				84DAFA5F1C3BB4EE0096B068 /* Main.storyboard in Resources */,
				84DAFA641C3BB4EE0096B068 /* LaunchScreen.xib in Resources */,
				84DAFA611C3BB4EE0096B068 /* Images.xcassets in Resources */,
			);
			runOnlyForDeploymentPostprocessing = 0;
		};
		84DAFA671C3BB4EE0096B068 /* Resources */ = {
			isa = PBXResourcesBuildPhase;
			buildActionMask = 2147483647;
			files = (
			);
			runOnlyForDeploymentPostprocessing = 0;
		};
/* End PBXResourcesBuildPhase section */

/* Begin PBXSourcesBuildPhase section */
		84DAFA4C1C3BB4EE0096B068 /* Sources */ = {
			isa = PBXSourcesBuildPhase;
			buildActionMask = 2147483647;
			files = (
				84DAFA5C1C3BB4EE0096B068 /* ViewController.m in Sources */,
				84DAFA591C3BB4EE0096B068 /* AppDelegate.m in Sources */,
				84DAFA561C3BB4EE0096B068 /* main.m in Sources */,
				84F661571C44EC9100DCFE5F /* NSMutableAttributedString+XZCategory.m in Sources */,
			);
			runOnlyForDeploymentPostprocessing = 0;
		};
		84DAFA651C3BB4EE0096B068 /* Sources */ = {
			isa = PBXSourcesBuildPhase;
			buildActionMask = 2147483647;
			files = (
				84DAFA701C3BB4EE0096B068 /* playTests.m in Sources */,
			);
			runOnlyForDeploymentPostprocessing = 0;
		};
/* End PBXSourcesBuildPhase section */

/* Begin PBXTargetDependency section */
		84DAFA6B1C3BB4EE0096B068 /* PBXTargetDependency */ = {
			isa = PBXTargetDependency;
			target = 84DAFA4F1C3BB4EE0096B068 /* play */;
			targetProxy = 84DAFA6A1C3BB4EE0096B068 /* PBXContainerItemProxy */;
		};
/* End PBXTargetDependency section */

/* Begin PBXVariantGroup section */
		84DAFA5D1C3BB4EE0096B068 /* Main.storyboard */ = {
			isa = PBXVariantGroup;
			children = (
				84DAFA5E1C3BB4EE0096B068 /* Base */,
			);
			name = Main.storyboard;
			sourceTree = "<group>";
		};
		84DAFA621C3BB4EE0096B068 /* LaunchScreen.xib */ = {
			isa = PBXVariantGroup;
			children = (
				84DAFA631C3BB4EE0096B068 /* Base */,
			);
			name = LaunchScreen.xib;
			sourceTree = "<group>";
		};
/* End PBXVariantGroup section */

/* Begin XCBuildConfiguration section */
		84DAFA711C3BB4EE0096B068 /* Debug */ = {
			isa = XCBuildConfiguration;
			buildSettings = {
				ALWAYS_SEARCH_USER_PATHS = NO;
				CLANG_CXX_LANGUAGE_STANDARD = "gnu++0x";
				CLANG_CXX_LIBRARY = "libc++";
				CLANG_ENABLE_MODULES = YES;
				CLANG_ENABLE_OBJC_ARC = YES;
				CLANG_WARN_BOOL_CONVERSION = YES;
				CLANG_WARN_CONSTANT_CONVERSION = YES;
				CLANG_WARN_DIRECT_OBJC_ISA_USAGE = YES_ERROR;
				CLANG_WARN_EMPTY_BODY = YES;
				CLANG_WARN_ENUM_CONVERSION = YES;
				CLANG_WARN_INT_CONVERSION = YES;
				CLANG_WARN_OBJC_ROOT_CLASS = YES_ERROR;
				CLANG_WARN_UNREACHABLE_CODE = YES;
				CLANG_WARN__DUPLICATE_METHOD_MATCH = YES;
				"CODE_SIGN_IDENTITY[sdk=iphoneos*]" = "iPhone Developer";
				COPY_PHASE_STRIP = NO;
				DEBUG_INFORMATION_FORMAT = "dwarf-with-dsym";
				ENABLE_STRICT_OBJC_MSGSEND = YES;
				GCC_C_LANGUAGE_STANDARD = gnu99;
				GCC_DYNAMIC_NO_PIC = NO;
				GCC_NO_COMMON_BLOCKS = YES;
				GCC_OPTIMIZATION_LEVEL = 0;
				GCC_PREPROCESSOR_DEFINITIONS = (
					"DEBUG=1",
					"$(inherited)",
				);
				GCC_SYMBOLS_PRIVATE_EXTERN = NO;
				GCC_WARN_64_TO_32_BIT_CONVERSION = YES;
				GCC_WARN_ABOUT_RETURN_TYPE = YES_ERROR;
				GCC_WARN_UNDECLARED_SELECTOR = YES;
				GCC_WARN_UNINITIALIZED_AUTOS = YES_AGGRESSIVE;
				GCC_WARN_UNUSED_FUNCTION = YES;
				GCC_WARN_UNUSED_VARIABLE = YES;
				IPHONEOS_DEPLOYMENT_TARGET = 8.4;
				MTL_ENABLE_DEBUG_INFO = YES;
				ONLY_ACTIVE_ARCH = YES;
				SDKROOT = iphoneos;
			};
			name = Debug;
		};
		84DAFA721C3BB4EE0096B068 /* Release */ = {
			isa = XCBuildConfiguration;
			buildSettings = {
				ALWAYS_SEARCH_USER_PATHS = NO;
				CLANG_CXX_LANGUAGE_STANDARD = "gnu++0x";
				CLANG_CXX_LIBRARY = "libc++";
				CLANG_ENABLE_MODULES = YES;
				CLANG_ENABLE_OBJC_ARC = YES;
				CLANG_WARN_BOOL_CONVERSION = YES;
				CLANG_WARN_CONSTANT_CONVERSION = YES;
				CLANG_WARN_DIRECT_OBJC_ISA_USAGE = YES_ERROR;
				CLANG_WARN_EMPTY_BODY = YES;
				CLANG_WARN_ENUM_CONVERSION = YES;
				CLANG_WARN_INT_CONVERSION = YES;
				CLANG_WARN_OBJC_ROOT_CLASS = YES_ERROR;
				CLANG_WARN_UNREACHABLE_CODE = YES;
				CLANG_WARN__DUPLICATE_METHOD_MATCH = YES;
				"CODE_SIGN_IDENTITY[sdk=iphoneos*]" = "iPhone Developer";
				COPY_PHASE_STRIP = NO;
				DEBUG_INFORMATION_FORMAT = "dwarf-with-dsym";
				ENABLE_NS_ASSERTIONS = NO;
				ENABLE_STRICT_OBJC_MSGSEND = YES;
				GCC_C_LANGUAGE_STANDARD = gnu99;
				GCC_NO_COMMON_BLOCKS = YES;
				GCC_WARN_64_TO_32_BIT_CONVERSION = YES;
				GCC_WARN_ABOUT_RETURN_TYPE = YES_ERROR;
				GCC_WARN_UNDECLARED_SELECTOR = YES;
				GCC_WARN_UNINITIALIZED_AUTOS = YES_AGGRESSIVE;
				GCC_WARN_UNUSED_FUNCTION = YES;
				GCC_WARN_UNUSED_VARIABLE = YES;
				IPHONEOS_DEPLOYMENT_TARGET = 8.4;
				MTL_ENABLE_DEBUG_INFO = NO;
				SDKROOT = iphoneos;
				VALIDATE_PRODUCT = YES;
			};
			name = Release;
		};
		84DAFA741C3BB4EE0096B068 /* Debug */ = {
			isa = XCBuildConfiguration;
			buildSettings = {
				ASSETCATALOG_COMPILER_APPICON_NAME = AppIcon;
				INFOPLIST_FILE = play/Info.plist;
				LD_RUNPATH_SEARCH_PATHS = "$(inherited) @executable_path/Frameworks";
				PRODUCT_NAME = "$(TARGET_NAME)";
			};
			name = Debug;
		};
		84DAFA751C3BB4EE0096B068 /* Release */ = {
			isa = XCBuildConfiguration;
			buildSettings = {
				ASSETCATALOG_COMPILER_APPICON_NAME = AppIcon;
				INFOPLIST_FILE = play/Info.plist;
				LD_RUNPATH_SEARCH_PATHS = "$(inherited) @executable_path/Frameworks";
				PRODUCT_NAME = "$(TARGET_NAME)";
			};
			name = Release;
		};
		84DAFA771C3BB4EE0096B068 /* Debug */ = {
			isa = XCBuildConfiguration;
			buildSettings = {
				BUNDLE_LOADER = "$(TEST_HOST)";
				FRAMEWORK_SEARCH_PATHS = (
					"$(SDKROOT)/Developer/Library/Frameworks",
					"$(inherited)",
				);
				GCC_PREPROCESSOR_DEFINITIONS = (
					"DEBUG=1",
					"$(inherited)",
				);
				INFOPLIST_FILE = playTests/Info.plist;
				LD_RUNPATH_SEARCH_PATHS = "$(inherited) @executable_path/Frameworks @loader_path/Frameworks";
				PRODUCT_NAME = "$(TARGET_NAME)";
				TEST_HOST = "$(BUILT_PRODUCTS_DIR)/play.app/play";
			};
			name = Debug;
		};
		84DAFA781C3BB4EE0096B068 /* Release */ = {
			isa = XCBuildConfiguration;
			buildSettings = {
				BUNDLE_LOADER = "$(TEST_HOST)";
				FRAMEWORK_SEARCH_PATHS = (
					"$(SDKROOT)/Developer/Library/Frameworks",
					"$(inherited)",
				);
				INFOPLIST_FILE = playTests/Info.plist;
				LD_RUNPATH_SEARCH_PATHS = "$(inherited) @executable_path/Frameworks @loader_path/Frameworks";
				PRODUCT_NAME = "$(TARGET_NAME)";
				TEST_HOST = "$(BUILT_PRODUCTS_DIR)/play.app/play";
			};
			name = Release;
		};
/* End XCBuildConfiguration section */

/* Begin XCConfigurationList section */
		84DAFA4B1C3BB4EE0096B068 /* Build configuration list for PBXProject "play" */ = {
			isa = XCConfigurationList;
			buildConfigurations = (
				84DAFA711C3BB4EE0096B068 /* Debug */,
				84DAFA721C3BB4EE0096B068 /* Release */,
			);
			defaultConfigurationIsVisible = 0;
			defaultConfigurationName = Release;
		};
		84DAFA731C3BB4EE0096B068 /* Build configuration list for PBXNativeTarget "play" */ = {
			isa = XCConfigurationList;
			buildConfigurations = (
				84DAFA741C3BB4EE0096B068 /* Debug */,
				84DAFA751C3BB4EE0096B068 /* Release */,
			);
			defaultConfigurationIsVisible = 0;
			defaultConfigurationName = Release;
		};
		84DAFA761C3BB4EE0096B068 /* Build configuration list for PBXNativeTarget "playTests" */ = {
			isa = XCConfigurationList;
			buildConfigurations = (
				84DAFA771C3BB4EE0096B068 /* Debug */,
				84DAFA781C3BB4EE0096B068 /* Release */,
			);
			defaultConfigurationIsVisible = 0;
			defaultConfigurationName = Release;
		};
/* End XCConfigurationList section */
	};
	rootObject = 84DAFA481C3BB4EE0096B068 /* Project object */;
}
